<?xml version="1.0" encoding="UTF-8"?>
<Scheme LastUpgradeVersion="2630" version="1.3">
  <BuildAction parallelizeBuildables="YES" buildImplicitDependencies="YES">
    <BuildActionEntries>
      <BuildActionEntry buildForTesting="YES" buildForRunning="NO" buildForProfiling="NO" buildForArchiving="NO" buildForAnalyzing="YES"><BuildableReference BuildableIdentifier="primary" BlueprintIdentifier="F20920260000000000000023" BuildableName="Switch2ControllerTests.xctest" BlueprintName="Switch2ControllerTests" ReferencedContainer="container:Delta.xcodeproj"/></BuildActionEntry>
    </BuildActionEntries>
  </BuildAction>
  <TestAction buildConfiguration="Debug" selectedDebuggerIdentifier="Xcode.DebuggerFoundation.Debugger.LLDB" selectedLauncherIdentifier="Xcode.IDEFoundation.Launcher.PosixSpawn" shouldUseLaunchSchemeArgsEnv="YES">
    <Testables><TestableReference skipped="NO"><BuildableReference BuildableIdentifier="primary" BlueprintIdentifier="F20920260000000000000023" BuildableName="Switch2ControllerTests.xctest" BlueprintName="Switch2ControllerTests" ReferencedContainer="container:Delta.xcodeproj"/></TestableReference></Testables>
  </TestAction>
  <AnalyzeAction buildConfiguration="Debug"/>
</Scheme>
